// !$*UTF8*$!
{
	archiveVersion = 1;
	classes = {
	};
	objectVersion = 46;
	objects = {

/* Begin PBXBuildFile section */
		1020CF5A1DBA4ABC00A6C9EE /* ThirdViewController.swift in Sources */ = {isa = PBXBuildFile; fileRef = 1020CF591DBA4ABB00A6C9EE /* ThirdViewController.swift */; };
		103CECF01DB632F4001A1243 /* AppDelegate.swift in Sources */ = {isa = PBXBuildFile; fileRef = 103CECEF1DB632F4001A1243 /* AppDelegate.swift */; };
		103CECF21DB632F4001A1243 /* ViewController.swift in Sources */ = {isa = PBXBuildFile; fileRef = 103CECF11DB632F4001A1243 /* ViewController.swift */; };
		103CECF51DB632F4001A1243 /* Main.storyboard in Resources */ = {isa = PBXBuildFile; fileRef = 103CECF31DB632F4001A1243 /* Main.storyboard */; };
		103CECF71DB632F4001A1243 /* Assets.xcassets in Resources */ = {isa = PBXBuildFile; fileRef = 103CECF61DB632F4001A1243 /* Assets.xcassets */; };
		103CECFA1DB632F4001A1243 /* LaunchScreen.storyboard in Resources */ = {isa = PBXBuildFile; fileRef = 103CECF81DB632F4001A1243 /* LaunchScreen.storyboard */; };
		103CED021DB63347001A1243 /* UIViewController+DataTransfer.swift in Sources */ = {isa = PBXBuildFile; fileRef = 103CED011DB63347001A1243 /* UIViewController+DataTransfer.swift */; };
		103CED041DB63375001A1243 /* SecondViewController.swift in Sources */ = {isa = PBXBuildFile; fileRef = 103CED031DB63375001A1243 /* SecondViewController.swift */; };
/* End PBXBuildFile section */

/* Begin PBXFileReference section */
		1020CF591DBA4ABB00A6C9EE /* ThirdViewController.swift */ = {isa = PBXFileReference; fileEncoding = 4; lastKnownFileType = sourcecode.swift; path = ThirdViewController.swift; sourceTree = "<group>"; };
		103CECEC1DB632F4001A1243 /* DataTransition.app */ = {isa = PBXFileReference; explicitFileType = wrapper.application; includeInIndex = 0; path = DataTransition.app; sourceTree = BUILT_PRODUCTS_DIR; };
		103CECEF1DB632F4001A1243 /* AppDelegate.swift */ = {isa = PBXFileReference; lastKnownFileType = sourcecode.swift; path = AppDelegate.swift; sourceTree = "<group>"; };
		103CECF11DB632F4001A1243 /* ViewController.swift */ = {isa = PBXFileReference; lastKnownFileType = sourcecode.swift; path = ViewController.swift; sourceTree = "<group>"; };
		103CECF41DB632F4001A1243 /* Base */ = {isa = PBXFileReference; lastKnownFileType = file.storyboard; name = Base; path = Base.lproj/Main.storyboard; sourceTree = "<group>"; };
		103CECF61DB632F4001A1243 /* Assets.xcassets */ = {isa = PBXFileReference; lastKnownFileType = folder.assetcatalog; path = Assets.xcassets; sourceTree = "<group>"; };
		103CECF91DB632F4001A1243 /* Base */ = {isa = PBXFileReference; lastKnownFileType = file.storyboard; name = Base; path = Base.lproj/LaunchScreen.storyboard; sourceTree = "<group>"; };
		103CECFB1DB632F4001A1243 /* Info.plist */ = {isa = PBXFileReference; lastKnownFileType = text.plist.xml; path = Info.plist; sourceTree = "<group>"; };
		103CED011DB63347001A1243 /* UIViewController+DataTransfer.swift */ = {isa = PBXFileReference; fileEncoding = 4; lastKnownFileType = sourcecode.swift; path = "UIViewController+DataTransfer.swift"; sourceTree = "<group>"; };
		103CED031DB63375001A1243 /* SecondViewController.swift */ = {isa = PBXFileReference; fileEncoding = 4; lastKnownFileType = sourcecode.swift; path = SecondViewController.swift; sourceTree = "<group>"; };
/* End PBXFileReference section */

/* Begin PBXFrameworksBuildPhase section */
		103CECE91DB632F4001A1243 /* Frameworks */ = {
			isa = PBXFrameworksBuildPhase;
			buildActionMask = 2147483647;
			files = (
			);
			runOnlyForDeploymentPostprocessing = 0;
		};
/* End PBXFrameworksBuildPhase section */

/* Begin PBXGroup section */
		1020CF5B1DBDE40500A6C9EE /* Extension */ = {
			isa = PBXGroup;
			children = (
				103CED011DB63347001A1243 /* UIViewController+DataTransfer.swift */,
			);
			path = Extension;
			sourceTree = "<group>";
		};
		103CECE31DB632F4001A1243 = {
			isa = PBXGroup;
			children = (
				103CECEE1DB632F4001A1243 /* DataTransition */,
				103CECED1DB632F4001A1243 /* Products */,
			);
			sourceTree = "<group>";
		};
		103CECED1DB632F4001A1243 /* Products */ = {
			isa = PBXGroup;
			children = (
				103CECEC1DB632F4001A1243 /* DataTransition.app */,
			);
			name = Products;
			sourceTree = "<group>";
		};
		103CECEE1DB632F4001A1243 /* DataTransition */ = {
			isa = PBXGroup;
			children = (
				1020CF5B1DBDE40500A6C9EE /* Extension */,
				103CECEF1DB632F4001A1243 /* AppDelegate.swift */,
				103CECF11DB632F4001A1243 /* ViewController.swift */,
				103CED031DB63375001A1243 /* SecondViewController.swift */,
				1020CF591DBA4ABB00A6C9EE /* ThirdViewController.swift */,
				103CECF31DB632F4001A1243 /* Main.storyboard */,
				103CECF61DB632F4001A1243 /* Assets.xcassets */,
				103CECF81DB632F4001A1243 /* LaunchScreen.storyboard */,
				103CECFB1DB632F4001A1243 /* Info.plist */,
			);
			path = DataTransition;
			sourceTree = "<group>";
		};
/* End PBXGroup section */

/* Begin PBXNativeTarget section */
		103CECEB1DB632F4001A1243 /* DataTransition */ = {
			isa = PBXNativeTarget;
			buildConfigurationList = 103CECFE1DB632F4001A1243 /* Build configuration list for PBXNativeTarget "DataTransition" */;
			buildPhases = (
				103CECE81DB632F4001A1243 /* Sources */,
				103CECE91DB632F4001A1243 /* Frameworks */,
				103CECEA1DB632F4001A1243 /* Resources */,
			);
			buildRules = (
			);
			dependencies = (
			);
			name = DataTransition;
			productName = DataTransition;
			productReference = 103CECEC1DB632F4001A1243 /* DataTransition.app */;
			productType = "com.apple.product-type.application";
		};
/* End PBXNativeTarget section */

/* Begin PBXProject section */
		103CECE41DB632F4001A1243 /* Project object */ = {
			isa = PBXProject;
			attributes = {
				LastSwiftUpdateCheck = 0800;
				LastUpgradeCheck = 0800;
				ORGANIZATIONNAME = IntellectSoft;
				TargetAttributes = {
					103CECEB1DB632F4001A1243 = {
						CreatedOnToolsVersion = 8.0;
						DevelopmentTeam = 6KV3A2P2Y3;
						ProvisioningStyle = Automatic;
					};
				};
			};
			buildConfigurationList = 103CECE71DB632F4001A1243 /* Build configuration list for PBXProject "DataTransition" */;
			compatibilityVersion = "Xcode 3.2";
			developmentRegion = English;
			hasScannedForEncodings = 0;
			knownRegions = (
				en,
				Base,
			);
			mainGroup = 103CECE31DB632F4001A1243;
			productRefGroup = 103CECED1DB632F4001A1243 /* Products */;
			projectDirPath = "";
			projectRoot = "";
			targets = (
				103CECEB1DB632F4001A1243 /* DataTransition */,
			);
		};
/* End PBXProject section */

/* Begin PBXResourcesBuildPhase section */
		103CECEA1DB632F4001A1243 /* Resources */ = {
			isa = PBXResourcesBuildPhase;
			buildActionMask = 2147483647;
			files = (
				103CECFA1DB632F4001A1243 /* LaunchScreen.storyboard in Resources */,
				103CECF71DB632F4001A1243 /* Assets.xcassets in Resources */,
				103CECF51DB632F4001A1243 /* Main.storyboard in Resources */,
			);
			runOnlyForDeploymentPostprocessing = 0;
		};
/* End PBXResourcesBuildPhase section */

/* Begin PBXSourcesBuildPhase section */
		103CECE81DB632F4001A1243 /* Sources */ = {
			isa = PBXSourcesBuildPhase;
			buildActionMask = 2147483647;
			files = (
				103CED041DB63375001A1243 /* SecondViewController.swift in Sources */,
				103CED021DB63347001A1243 /* UIViewController+DataTransfer.swift in Sources */,
				1020CF5A1DBA4ABC00A6C9EE /* ThirdViewController.swift in Sources */,
				103CECF21DB632F4001A1243 /* ViewController.swift in Sources */,
				103CECF01DB632F4001A1243 /* AppDelegate.swift in Sources */,
			);
			runOnlyForDeploymentPostprocessing = 0;
		};
/* End PBXSourcesBuildPhase section */

/* Begin PBXVariantGroup section */
		103CECF31DB632F4001A1243 /* Main.storyboard */ = {
			isa = PBXVariantGroup;
			children = (
				103CECF41DB632F4001A1243 /* Base */,
			);
			name = Main.storyboard;
			sourceTree = "<group>";
		};
		103CECF81DB632F4001A1243 /* LaunchScreen.storyboard */ = {
			isa = PBXVariantGroup;
			children = (
				103CECF91DB632F4001A1243 /* Base */,
			);
			name = LaunchScreen.storyboard;
			sourceTree = "<group>";
		};
/* End PBXVariantGroup section */

/* Begin XCBuildConfiguration section */
		103CECFC1DB632F4001A1243 /* Debug */ = {
			isa = XCBuildConfiguration;
			buildSettings = {
				ALWAYS_SEARCH_USER_PATHS = NO;
				CLANG_ANALYZER_NONNULL = YES;
				CLANG_CXX_LANGUAGE_STANDARD = "gnu++0x";
				CLANG_CXX_LIBRARY = "libc++";
				CLANG_ENABLE_MODULES = YES;
				CLANG_ENABLE_OBJC_ARC = YES;
				CLANG_WARN_BOOL_CONVERSION = YES;
				CLANG_WARN_CONSTANT_CONVERSION = YES;
				CLANG_WARN_DIRECT_OBJC_ISA_USAGE = YES_ERROR;
				CLANG_WARN_DOCUMENTATION_COMMENTS = YES;
				CLANG_WARN_EMPTY_BODY = YES;
				CLANG_WARN_ENUM_CONVERSION = YES;
				CLANG_WARN_INFINITE_RECURSION = YES;
				CLANG_WARN_INT_CONVERSION = YES;
				CLANG_WARN_OBJC_ROOT_CLASS = YES_ERROR;
				CLANG_WARN_SUSPICIOUS_MOVES = YES;
				CLANG_WARN_UNREACHABLE_CODE = YES;
				CLANG_WARN__DUPLICATE_METHOD_MATCH = YES;
				"CODE_SIGN_IDENTITY[sdk=iphoneos*]" = "iPhone Developer";
				COPY_PHASE_STRIP = NO;
				DEBUG_INFORMATION_FORMAT = dwarf;
				ENABLE_STRICT_OBJC_MSGSEND = YES;
				ENABLE_TESTABILITY = YES;
				GCC_C_LANGUAGE_STANDARD = gnu99;
				GCC_DYNAMIC_NO_PIC = NO;
				GCC_NO_COMMON_BLOCKS = YES;
				GCC_OPTIMIZATION_LEVEL = 0;
				GCC_PREPROCESSOR_DEFINITIONS = (
					"DEBUG=1",
					"$(inherited)",
				);
				GCC_WARN_64_TO_32_BIT_CONVERSION = YES;
				GCC_WARN_ABOUT_RETURN_TYPE = YES_ERROR;
				GCC_WARN_UNDECLARED_SELECTOR = YES;
				GCC_WARN_UNINITIALIZED_AUTOS = YES_AGGRESSIVE;
				GCC_WARN_UNUSED_FUNCTION = YES;
				GCC_WARN_UNUSED_VARIABLE = YES;
				IPHONEOS_DEPLOYMENT_TARGET = 10.0;
				MTL_ENABLE_DEBUG_INFO = YES;
				ONLY_ACTIVE_ARCH = YES;
				SDKROOT = iphoneos;
				SWIFT_ACTIVE_COMPILATION_CONDITIONS = DEBUG;
				SWIFT_OPTIMIZATION_LEVEL = "-Onone";
			};
			name = Debug;
		};
		103CECFD1DB632F4001A1243 /* Release */ = {
			isa = XCBuildConfiguration;
			buildSettings = {
				ALWAYS_SEARCH_USER_PATHS = NO;
				CLANG_ANALYZER_NONNULL = YES;
				CLANG_CXX_LANGUAGE_STANDARD = "gnu++0x";
				CLANG_CXX_LIBRARY = "libc++";
				CLANG_ENABLE_MODULES = YES;
				CLANG_ENABLE_OBJC_ARC = YES;
				CLANG_WARN_BOOL_CONVERSION = YES;
				CLANG_WARN_CONSTANT_CONVERSION = YES;
				CLANG_WARN_DIRECT_OBJC_ISA_USAGE = YES_ERROR;
				CLANG_WARN_DOCUMENTATION_COMMENTS = YES;
				CLANG_WARN_EMPTY_BODY = YES;
				CLANG_WARN_ENUM_CONVERSION = YES;
				CLANG_WARN_INFINITE_RECURSION = YES;
				CLANG_WARN_INT_CONVERSION = YES;
				CLANG_WARN_OBJC_ROOT_CLASS = YES_ERROR;
				CLANG_WARN_SUSPICIOUS_MOVES = YES;
				CLANG_WARN_UNREACHABLE_CODE = YES;
				CLANG_WARN__DUPLICATE_METHOD_MATCH = YES;
				"CODE_SIGN_IDENTITY[sdk=iphoneos*]" = "iPhone Developer";
				COPY_PHASE_STRIP = NO;
				DEBUG_INFORMATION_FORMAT = "dwarf-with-dsym";
				ENABLE_NS_ASSERTIONS = NO;
				ENABLE_STRICT_OBJC_MSGSEND = YES;
				GCC_C_LANGUAGE_STANDARD = gnu99;
				GCC_NO_COMMON_BLOCKS = YES;
				GCC_WARN_64_TO_32_BIT_CONVERSION = YES;
				GCC_WARN_ABOUT_RETURN_TYPE = YES_ERROR;
				GCC_WARN_UNDECLARED_SELECTOR = YES;
				GCC_WARN_UNINITIALIZED_AUTOS = YES_AGGRESSIVE;
				GCC_WARN_UNUSED_FUNCTION = YES;
				GCC_WARN_UNUSED_VARIABLE = YES;
				IPHONEOS_DEPLOYMENT_TARGET = 10.0;
				MTL_ENABLE_DEBUG_INFO = NO;
				SDKROOT = iphoneos;
				SWIFT_OPTIMIZATION_LEVEL = "-Owholemodule";
				VALIDATE_PRODUCT = YES;
			};
			name = Release;
		};
		103CECFF1DB632F4001A1243 /* Debug */ = {
			isa = XCBuildConfiguration;
			buildSettings = {
				ASSETCATALOG_COMPILER_APPICON_NAME = AppIcon;
				DEVELOPMENT_TEAM = 6KV3A2P2Y3;
				INFOPLIST_FILE = DataTransition/Info.plist;
				LD_RUNPATH_SEARCH_PATHS = "$(inherited) @executable_path/Frameworks";
				PRODUCT_BUNDLE_IDENTIFIER = net.Intellectsoft.DataTransition;
				PRODUCT_NAME = "$(TARGET_NAME)";
				SWIFT_VERSION = 3.0;
			};
			name = Debug;
		};
		103CED001DB632F4001A1243 /* Release */ = {
			isa = XCBuildConfiguration;
			buildSettings = {
				ASSETCATALOG_COMPILER_APPICON_NAME = AppIcon;
				DEVELOPMENT_TEAM = 6KV3A2P2Y3;
				INFOPLIST_FILE = DataTransition/Info.plist;
				LD_RUNPATH_SEARCH_PATHS = "$(inherited) @executable_path/Frameworks";
				PRODUCT_BUNDLE_IDENTIFIER = net.Intellectsoft.DataTransition;
				PRODUCT_NAME = "$(TARGET_NAME)";
				SWIFT_VERSION = 3.0;
			};
			name = Release;
		};
/* End XCBuildConfiguration section */

/* Begin XCConfigurationList section */
		103CECE71DB632F4001A1243 /* Build configuration list for PBXProject "DataTransition" */ = {
			isa = XCConfigurationList;
			buildConfigurations = (
				103CECFC1DB632F4001A1243 /* Debug */,
				103CECFD1DB632F4001A1243 /* Release */,
			);
			defaultConfigurationIsVisible = 0;
			defaultConfigurationName = Release;
		};
		103CECFE1DB632F4001A1243 /* Build configuration list for PBXNativeTarget "DataTransition" */ = {
			isa = XCConfigurationList;
			buildConfigurations = (
				103CECFF1DB632F4001A1243 /* Debug */,
				103CED001DB632F4001A1243 /* Release */,
			);
			defaultConfigurationIsVisible = 0;
			defaultConfigurationName = Release;
		};
/* End XCConfigurationList section */
	};
	rootObject = 103CECE41DB632F4001A1243 /* Project object */;
}
